
Microsoft Visual Studio Solution File, Format Version 12.00
# Visual Studio Version 17
VisualStudioVersion = 17.12.35209.166
MinimumVisualStudioVersion = 10.0.40219.1
Project("{888888A0-9F3D-457C-B088-3A5042F75D52}") = "timelapse", "timelapse\timelapse.pyproj", "{D183F22F-9904-49F9-9627-186B67AEDD5B}"
EndProject
Global
	GlobalSection(SolutionConfigurationPlatforms) = preSolution
		Debug|Any CPU = Debug|Any CPU
		Release|Any CPU = Release|Any CPU
	EndGlobalSection
	GlobalSection(ProjectConfigurationPlatforms) = postSolution
		{D183F22F-9904-49F9-9627-186B67AEDD5B}.Debug|Any CPU.ActiveCfg = Debug|Any CPU
		{D183F22F-9904-49F9-9627-186B67AEDD5B}.Release|Any CPU.ActiveCfg = Release|Any CPU
	EndGlobalSection
	GlobalSection(SolutionProperties) = preSolution
		HideSolutionNode = FALSE
	EndGlobalSection
	GlobalSection(ExtensibilityGlobals) = postSolution
		SolutionGuid = {CB24F24E-0591-4E0D-A828-69A3B56E56A7}
	EndGlobalSection
EndGlobal
